
Microsoft Visual Studio Solution File, Format Version 12.00
# Visual Studio Version 17
VisualStudioVersion = 17.0.31717.71
MinimumVisualStudioVersion = 10.0.40219.1
Project("{FAE04EC0-301F-11D3-BF4B-00C04F79EFBC}") = "DonPutYourDataOnRight.Application", "DonPutYourDataOnRight.MainForm\DonPutYourDataOnRight.Application.csproj", "{36CFFB41-4081-4FCC-B60B-43528B0631A4}"
EndProject
Global
	GlobalSection(SolutionConfigurationPlatforms) = preSolution
		Debug|Any CPU = Debug|Any CPU
		Release|Any CPU = Release|Any CPU
	EndGlobalSection
	GlobalSection(ProjectConfigurationPlatforms) = postSolution
		{36CFFB41-4081-4FCC-B60B-43528B0631A4}.Debug|Any CPU.ActiveCfg = Debug|Any CPU
		{36CFFB41-4081-4FCC-B60B-43528B0631A4}.Debug|Any CPU.Build.0 = Debug|Any CPU
		{36CFFB41-4081-4FCC-B60B-43528B0631A4}.Release|Any CPU.ActiveCfg = Release|Any CPU
		{36CFFB41-4081-4FCC-B60B-43528B0631A4}.Release|Any CPU.Build.0 = Release|Any CPU
	EndGlobalSection
	GlobalSection(SolutionProperties) = preSolution
		HideSolutionNode = FALSE
	EndGlobalSection
	GlobalSection(ExtensibilityGlobals) = postSolution
		SolutionGuid = {0AE0BAAE-E5A3-4EA3-B292-71520D56131A}
	EndGlobalSection
EndGlobal
